
Microsoft Visual Studio Solution File, Format Version 12.00
# Visual Studio Version 17
VisualStudioVersion = 17.4.33103.184
MinimumVisualStudioVersion = 10.0.40219.1
Project("{FAE04EC0-301F-11D3-BF4B-00C04F79EFBC}") = "ExcelReader", "ExcelReader\ExcelReader.csproj", "{7BF0BA96-262F-4DA1-A387-D6417ED50EF4}"
EndProject
Global
	GlobalSection(SolutionConfigurationPlatforms) = preSolution
		Debug|Any CPU = Debug|Any CPU
		Release|Any CPU = Release|Any CPU
	EndGlobalSection
	GlobalSection(ProjectConfigurationPlatforms) = postSolution
		{7BF0BA96-262F-4DA1-A387-D6417ED50EF4}.Debug|Any CPU.ActiveCfg = Debug|Any CPU
		{7BF0BA96-262F-4DA1-A387-D6417ED50EF4}.Debug|Any CPU.Build.0 = Debug|Any CPU
		{7BF0BA96-262F-4DA1-A387-D6417ED50EF4}.Release|Any CPU.ActiveCfg = Release|Any CPU
		{7BF0BA96-262F-4DA1-A387-D6417ED50EF4}.Release|Any CPU.Build.0 = Release|Any CPU
	EndGlobalSection
	GlobalSection(SolutionProperties) = preSolution
		HideSolutionNode = FALSE
	EndGlobalSection
	GlobalSection(ExtensibilityGlobals) = postSolution
		SolutionGuid = {179348D2-3A86-4FA3-944A-FA76623C4B8F}
	EndGlobalSection
EndGlobal
