
Microsoft Visual Studio Solution File, Format Version 12.00
# Visual Studio Version 17
VisualStudioVersion = 17.4.33015.44
MinimumVisualStudioVersion = 10.0.40219.1
Project("{FAE04EC0-301F-11D3-BF4B-00C04F79EFBC}") = "KanbanBoard", "KanbanBoard\KanbanBoard.csproj", "{BC80DDA7-8F33-41C6-A5D8-96FC40F94DE2}"
EndProject
Global
	GlobalSection(SolutionConfigurationPlatforms) = preSolution
		Debug|Any CPU = Debug|Any CPU
		Release|Any CPU = Release|Any CPU
	EndGlobalSection
	GlobalSection(ProjectConfigurationPlatforms) = postSolution
		{BC80DDA7-8F33-41C6-A5D8-96FC40F94DE2}.Debug|Any CPU.ActiveCfg = Debug|Any CPU
		{BC80DDA7-8F33-41C6-A5D8-96FC40F94DE2}.Debug|Any CPU.Build.0 = Debug|Any CPU
		{BC80DDA7-8F33-41C6-A5D8-96FC40F94DE2}.Release|Any CPU.ActiveCfg = Release|Any CPU
		{BC80DDA7-8F33-41C6-A5D8-96FC40F94DE2}.Release|Any CPU.Build.0 = Release|Any CPU
	EndGlobalSection
	GlobalSection(SolutionProperties) = preSolution
		HideSolutionNode = FALSE
	EndGlobalSection
	GlobalSection(ExtensibilityGlobals) = postSolution
		SolutionGuid = {AB6BC7BB-E1C6-4761-8231-B9499DB8FCEF}
	EndGlobalSection
EndGlobal
