
Microsoft Visual Studio Solution File, Format Version 12.00
# Visual Studio Version 17
VisualStudioVersion = 17.4.32804.182
MinimumVisualStudioVersion = 10.0.40219.1
Project("{9A19103F-16F7-4668-BE54-9A1E7A4F7556}") = "Demo5", "Demo5\Demo5.csproj", "{F998FB66-56C7-4A2D-AFCC-A50FBF900EF1}"
EndProject
Global
	GlobalSection(SolutionConfigurationPlatforms) = preSolution
		Debug|Any CPU = Debug|Any CPU
		Release|Any CPU = Release|Any CPU
	EndGlobalSection
	GlobalSection(ProjectConfigurationPlatforms) = postSolution
		{F998FB66-56C7-4A2D-AFCC-A50FBF900EF1}.Debug|Any CPU.ActiveCfg = Debug|Any CPU
		{F998FB66-56C7-4A2D-AFCC-A50FBF900EF1}.Debug|Any CPU.Build.0 = Debug|Any CPU
		{F998FB66-56C7-4A2D-AFCC-A50FBF900EF1}.Release|Any CPU.ActiveCfg = Release|Any CPU
		{F998FB66-56C7-4A2D-AFCC-A50FBF900EF1}.Release|Any CPU.Build.0 = Release|Any CPU
	EndGlobalSection
	GlobalSection(SolutionProperties) = preSolution
		HideSolutionNode = FALSE
	EndGlobalSection
	GlobalSection(ExtensibilityGlobals) = postSolution
		SolutionGuid = {6A6886FF-123F-4009-A6DC-578978756965}
	EndGlobalSection
EndGlobal
